
Microsoft Visual Studio Solution File, Format Version 12.00
# Visual Studio 2013
VisualStudioVersion = 12.0.21005.1
MinimumVisualStudioVersion = 10.0.40219.1
Project("{FAE04EC0-301F-11D3-BF4B-00C04F79EFBC}") = "Sum of even odd", "Sum of even odd\Sum of even odd.csproj", "{56B9D076-83AB-4042-84EE-89C9BA1B80C9}"
EndProject
Global
	GlobalSection(SolutionConfigurationPlatforms) = preSolution
		Debug|Any CPU = Debug|Any CPU
		Release|Any CPU = Release|Any CPU
	EndGlobalSection
	GlobalSection(ProjectConfigurationPlatforms) = postSolution
		{56B9D076-83AB-4042-84EE-89C9BA1B80C9}.Debug|Any CPU.ActiveCfg = Debug|Any CPU
		{56B9D076-83AB-4042-84EE-89C9BA1B80C9}.Debug|Any CPU.Build.0 = Debug|Any CPU
		{56B9D076-83AB-4042-84EE-89C9BA1B80C9}.Release|Any CPU.ActiveCfg = Release|Any CPU
		{56B9D076-83AB-4042-84EE-89C9BA1B80C9}.Release|Any CPU.Build.0 = Release|Any CPU
	EndGlobalSection
	GlobalSection(SolutionProperties) = preSolution
		HideSolutionNode = FALSE
	EndGlobalSection
EndGlobal
